
Microsoft Visual Studio Solution File, Format Version 12.00
# Visual Studio Version 16
VisualStudioVersion = 16.0.31313.79
MinimumVisualStudioVersion = 10.0.40219.1
Project("{9A19103F-16F7-4668-BE54-9A1E7A4F7556}") = "Avanade.SubTCSE.Projeto", "Avanade.SubTCSE.Projeto\Avanade.SubTCSE.Projeto.csproj", "{DCEB0E03-9ACF-4E13-9D81-E7689AA0A8F1}"
EndProject
Project("{2150E333-8FDC-42A3-9474-1A3956D46DE8}") = "0-AppService", "0-AppService", "{778E84B0-BCEB-48C7-8305-07EA8AC6A062}"
EndProject
Project("{2150E333-8FDC-42A3-9474-1A3956D46DE8}") = "1-Application", "1-Application", "{2E46F210-396C-4A4E-9B7B-A74E761C4C71}"
EndProject
Project("{2150E333-8FDC-42A3-9474-1A3956D46DE8}") = "2-Domain", "2-Domain", "{9F398F17-3983-4211-A0C3-016129F37824}"
EndProject
Project("{2150E333-8FDC-42A3-9474-1A3956D46DE8}") = "3-Infra", "3-Infra", "{467B77AD-62DD-4D30-AD05-26E6FC258468}"
EndProject
Project("{2150E333-8FDC-42A3-9474-1A3956D46DE8}") = "4-Test", "4-Test", "{8A3A0DD9-52E1-4088-AFFB-F8F94F2AE617}"
EndProject
Project("{2150E333-8FDC-42A3-9474-1A3956D46DE8}") = "3.1-CrossCutting", "3.1-CrossCutting", "{1AEB0835-C57C-49F0-8452-D68D5E4423B7}"
EndProject
Project("{2150E333-8FDC-42A3-9474-1A3956D46DE8}") = "3.2-Data", "3.2-Data", "{50E1EDC5-B346-4C17-9E98-4260ABA2A4AC}"
EndProject
Project("{9A19103F-16F7-4668-BE54-9A1E7A4F7556}") = "Avanade.SubTCSE.Projeto.Application", "Avanade.SubTCSE.Projeto.Application\Avanade.SubTCSE.Projeto.Application.csproj", "{4D365379-7A02-4CFA-B47F-E093E24C54DC}"
EndProject
Project("{9A19103F-16F7-4668-BE54-9A1E7A4F7556}") = "Avanade.SubTCSE.Projeto.Domain", "Avanade.SubTCSE.Projeto.Domain\Avanade.SubTCSE.Projeto.Domain.csproj", "{3BEEC322-78FF-40D8-9B14-4162B3725237}"
EndProject
Project("{9A19103F-16F7-4668-BE54-9A1E7A4F7556}") = "Avanade.SubTCSE.Projeto.CrossCutting", "Avanade.SubTCSE.Projeto.CrossCutting\Avanade.SubTCSE.Projeto.CrossCutting.csproj", "{C551A1A9-1977-4FF6-B56B-8074A9B90743}"
EndProject
Project("{9A19103F-16F7-4668-BE54-9A1E7A4F7556}") = "Avanade.SubTCSE.Projeto.Data", "Avanade.SubTCSE.Projeto.Data\Avanade.SubTCSE.Projeto.Data.csproj", "{2F33F46A-FD96-45A3-84F5-4625D333E565}"
EndProject
Global
	GlobalSection(SolutionConfigurationPlatforms) = preSolution
		Debug|Any CPU = Debug|Any CPU
		Release|Any CPU = Release|Any CPU
	EndGlobalSection
	GlobalSection(ProjectConfigurationPlatforms) = postSolution
		{DCEB0E03-9ACF-4E13-9D81-E7689AA0A8F1}.Debug|Any CPU.ActiveCfg = Debug|Any CPU
		{DCEB0E03-9ACF-4E13-9D81-E7689AA0A8F1}.Debug|Any CPU.Build.0 = Debug|Any CPU
		{DCEB0E03-9ACF-4E13-9D81-E7689AA0A8F1}.Release|Any CPU.ActiveCfg = Release|Any CPU
		{DCEB0E03-9ACF-4E13-9D81-E7689AA0A8F1}.Release|Any CPU.Build.0 = Release|Any CPU
		{4D365379-7A02-4CFA-B47F-E093E24C54DC}.Debug|Any CPU.ActiveCfg = Debug|Any CPU
		{4D365379-7A02-4CFA-B47F-E093E24C54DC}.Debug|Any CPU.Build.0 = Debug|Any CPU
		{4D365379-7A02-4CFA-B47F-E093E24C54DC}.Release|Any CPU.ActiveCfg = Release|Any CPU
		{4D365379-7A02-4CFA-B47F-E093E24C54DC}.Release|Any CPU.Build.0 = Release|Any CPU
		{3BEEC322-78FF-40D8-9B14-4162B3725237}.Debug|Any CPU.ActiveCfg = Debug|Any CPU
		{3BEEC322-78FF-40D8-9B14-4162B3725237}.Debug|Any CPU.Build.0 = Debug|Any CPU
		{3BEEC322-78FF-40D8-9B14-4162B3725237}.Release|Any CPU.ActiveCfg = Release|Any CPU
		{3BEEC322-78FF-40D8-9B14-4162B3725237}.Release|Any CPU.Build.0 = Release|Any CPU
		{C551A1A9-1977-4FF6-B56B-8074A9B90743}.Debug|Any CPU.ActiveCfg = Debug|Any CPU
		{C551A1A9-1977-4FF6-B56B-8074A9B90743}.Debug|Any CPU.Build.0 = Debug|Any CPU
		{C551A1A9-1977-4FF6-B56B-8074A9B90743}.Release|Any CPU.ActiveCfg = Release|Any CPU
		{C551A1A9-1977-4FF6-B56B-8074A9B90743}.Release|Any CPU.Build.0 = Release|Any CPU
		{2F33F46A-FD96-45A3-84F5-4625D333E565}.Debug|Any CPU.ActiveCfg = Debug|Any CPU
		{2F33F46A-FD96-45A3-84F5-4625D333E565}.Debug|Any CPU.Build.0 = Debug|Any CPU
		{2F33F46A-FD96-45A3-84F5-4625D333E565}.Release|Any CPU.ActiveCfg = Release|Any CPU
		{2F33F46A-FD96-45A3-84F5-4625D333E565}.Release|Any CPU.Build.0 = Release|Any CPU
	EndGlobalSection
	GlobalSection(SolutionProperties) = preSolution
		HideSolutionNode = FALSE
	EndGlobalSection
	GlobalSection(NestedProjects) = preSolution
		{DCEB0E03-9ACF-4E13-9D81-E7689AA0A8F1} = {778E84B0-BCEB-48C7-8305-07EA8AC6A062}
		{1AEB0835-C57C-49F0-8452-D68D5E4423B7} = {467B77AD-62DD-4D30-AD05-26E6FC258468}
		{50E1EDC5-B346-4C17-9E98-4260ABA2A4AC} = {467B77AD-62DD-4D30-AD05-26E6FC258468}
		{4D365379-7A02-4CFA-B47F-E093E24C54DC} = {2E46F210-396C-4A4E-9B7B-A74E761C4C71}
		{3BEEC322-78FF-40D8-9B14-4162B3725237} = {9F398F17-3983-4211-A0C3-016129F37824}
		{C551A1A9-1977-4FF6-B56B-8074A9B90743} = {1AEB0835-C57C-49F0-8452-D68D5E4423B7}
		{2F33F46A-FD96-45A3-84F5-4625D333E565} = {50E1EDC5-B346-4C17-9E98-4260ABA2A4AC}
	EndGlobalSection
	GlobalSection(ExtensibilityGlobals) = postSolution
		SolutionGuid = {ACE1254F-1D96-40D3-9ACE-D1098AD42D68}
	EndGlobalSection
EndGlobal
